
Microsoft Visual Studio Solution File, Format Version 12.00
# Visual Studio Version 16
VisualStudioVersion = 16.0.29519.87
MinimumVisualStudioVersion = 10.0.40219.1
Project("{FAE04EC0-301F-11D3-BF4B-00C04F79EFBC}") = "RazorPagesMovie", "RazorPagesMovie.csproj", "{BED9EF11-9EC5-437F-A7E5-3846DAEB60BF}"
EndProject
Global
	GlobalSection(SolutionConfigurationPlatforms) = preSolution
		Debug|Any CPU = Debug|Any CPU
		Release|Any CPU = Release|Any CPU
	EndGlobalSection
	GlobalSection(ProjectConfigurationPlatforms) = postSolution
		{BED9EF11-9EC5-437F-A7E5-3846DAEB60BF}.Debug|Any CPU.ActiveCfg = Debug|Any CPU
		{BED9EF11-9EC5-437F-A7E5-3846DAEB60BF}.Debug|Any CPU.Build.0 = Debug|Any CPU
		{BED9EF11-9EC5-437F-A7E5-3846DAEB60BF}.Release|Any CPU.ActiveCfg = Release|Any CPU
		{BED9EF11-9EC5-437F-A7E5-3846DAEB60BF}.Release|Any CPU.Build.0 = Release|Any CPU
	EndGlobalSection
	GlobalSection(SolutionProperties) = preSolution
		HideSolutionNode = FALSE
	EndGlobalSection
	GlobalSection(ExtensibilityGlobals) = postSolution
		SolutionGuid = {39E5F1B4-3CAC-487B-BEB1-663D861BC270}
	EndGlobalSection
EndGlobal
